
Microsoft Visual Studio Solution File, Format Version 12.00
Project("{FAE04EC0-301F-11D3-BF4B-00C04F79EFBC}") = "fibonacci", "fibonacci\fibonacci.csproj", "{9BACEA13-626C-423A-BEA2-CC17DC19F3A6}"
EndProject
Global
	GlobalSection(SolutionConfigurationPlatforms) = preSolution
		Debug|Any CPU = Debug|Any CPU
		Release|Any CPU = Release|Any CPU
	EndGlobalSection
	GlobalSection(ProjectConfigurationPlatforms) = postSolution
		{9BACEA13-626C-423A-BEA2-CC17DC19F3A6}.Debug|Any CPU.ActiveCfg = Debug|Any CPU
		{9BACEA13-626C-423A-BEA2-CC17DC19F3A6}.Debug|Any CPU.Build.0 = Debug|Any CPU
		{9BACEA13-626C-423A-BEA2-CC17DC19F3A6}.Release|Any CPU.ActiveCfg = Release|Any CPU
		{9BACEA13-626C-423A-BEA2-CC17DC19F3A6}.Release|Any CPU.Build.0 = Release|Any CPU
	EndGlobalSection
EndGlobal
